# THIS IS AN AUTOGENERATED FILE. DO NOT EDIT THIS FILE DIRECTLY.
# yarn lockfile v1


core-js@^3.0.0:
  version "3.0.0"
  resolved "http://nexus.pm.bwoilmarine.com/repository/npm_group/core-js/-/core-js-3.0.0.tgz#a8dbfa978d29bfc263bfb66c556d0ca924c28957"
  integrity sha512-WBmxlgH2122EzEJ6GH8o9L/FeoUKxxxZ6q6VUxoTlsE4EvbTWKJb447eyVxTEuq0LpXjlq/kCB2qgBvsYRkLvQ==
